
Microsoft Visual Studio Solution File, Format Version 12.00
# Visual Studio Version 17
VisualStudioVersion = 17.9.34728.123
MinimumVisualStudioVersion = 10.0.40219.1
Project("{FAE04EC0-301F-11D3-BF4B-00C04F79EFBC}") = "Tictactoe", "Tictactoe\Tictactoe.csproj", "{691893CC-BED4-4AFA-AF74-09BD11ACE86C}"
EndProject
Global
	GlobalSection(SolutionConfigurationPlatforms) = preSolution
		Debug|Any CPU = Debug|Any CPU
		Release|Any CPU = Release|Any CPU
	EndGlobalSection
	GlobalSection(ProjectConfigurationPlatforms) = postSolution
		{691893CC-BED4-4AFA-AF74-09BD11ACE86C}.Debug|Any CPU.ActiveCfg = Debug|Any CPU
		{691893CC-BED4-4AFA-AF74-09BD11ACE86C}.Debug|Any CPU.Build.0 = Debug|Any CPU
		{691893CC-BED4-4AFA-AF74-09BD11ACE86C}.Release|Any CPU.ActiveCfg = Release|Any CPU
		{691893CC-BED4-4AFA-AF74-09BD11ACE86C}.Release|Any CPU.Build.0 = Release|Any CPU
	EndGlobalSection
	GlobalSection(SolutionProperties) = preSolution
		HideSolutionNode = FALSE
	EndGlobalSection
	GlobalSection(ExtensibilityGlobals) = postSolution
		SolutionGuid = {8DFC1FFF-562E-42FD-83A4-50C4347D3299}
	EndGlobalSection
EndGlobal
